{
  "lockfileVersion": 1,
  "workspaces": {
    "": {
      "name": "privacypin",
    },
    "privacypin": {
      "name": "app",
      "version": "0.1.0",
      "dependencies": {
        "@privacypin/shared": "1.0.0",
        "@tauri-apps/api": "^2",
        "@tauri-apps/plugin-http": "^2.4.3",
        "@tauri-apps/plugin-opener": "^2",
        "@tauri-apps/plugin-store": "^2.2.0",
      },
      "devDependencies": {
        "@sveltejs/adapter-static": "^3.0.6",
        "@sveltejs/kit": "^2.9.0",
        "@sveltejs/vite-plugin-svelte": "^5.0.0",
        "@tauri-apps/cli": "^2",
        "svelte": "^5.0.0",
        "svelte-check": "^4.0.0",
        "typescript": "~5.6.2",
        "vite": "^6.0.3",
      },
    },
    "server": {
      "name": "@privacypin/server",
      "version": "1.0.0",
      "dependencies": {
        "@privacypin/shared": "1.0.0",
      },
      "devDependencies": {
        "@types/bun": "^1.2.8",
      },
      "peerDependencies": {
        "typescript": "^5.7.3",
      },
    },
    "shared": {
      "name": "@privacypin/shared",
      "version": "1.0.0",
    },
  },
  "packages": {
    "@ampproject/remapping": ["@ampproject/remapping@2.3.0", "", { "dependencies": { "@jridgewell/gen-mapping": "^0.3.5", "@jridgewell/trace-mapping": "^0.3.24" } }, "sha512-30iZtAPgz+LTIYoeivqYo853f02jBYSd5uGnGpkFV0M3xOt9aN73erkgYAmZU43x4VfqcnLxW9Kpg3R5LC4YYw=="],

    "@esbuild/aix-ppc64": ["@esbuild/aix-ppc64@0.25.2", "", { "os": "aix", "cpu": "ppc64" }, "sha512-wCIboOL2yXZym2cgm6mlA742s9QeJ8DjGVaL39dLN4rRwrOgOyYSnOaFPhKZGLb2ngj4EyfAFjsNJwPXZvseag=="],

    "@esbuild/android-arm": ["@esbuild/android-arm@0.25.2", "", { "os": "android", "cpu": "arm" }, "sha512-NQhH7jFstVY5x8CKbcfa166GoV0EFkaPkCKBQkdPJFvo5u+nGXLEH/ooniLb3QI8Fk58YAx7nsPLozUWfCBOJA=="],

    "@esbuild/android-arm64": ["@esbuild/android-arm64@0.25.2", "", { "os": "android", "cpu": "arm64" }, "sha512-5ZAX5xOmTligeBaeNEPnPaeEuah53Id2tX4c2CVP3JaROTH+j4fnfHCkr1PjXMd78hMst+TlkfKcW/DlTq0i4w=="],

    "@esbuild/android-x64": ["@esbuild/android-x64@0.25.2", "", { "os": "android", "cpu": "x64" }, "sha512-Ffcx+nnma8Sge4jzddPHCZVRvIfQ0kMsUsCMcJRHkGJ1cDmhe4SsrYIjLUKn1xpHZybmOqCWwB0zQvsjdEHtkg=="],

    "@esbuild/darwin-arm64": ["@esbuild/darwin-arm64@0.25.2", "", { "os": "darwin", "cpu": "arm64" }, "sha512-MpM6LUVTXAzOvN4KbjzU/q5smzryuoNjlriAIx+06RpecwCkL9JpenNzpKd2YMzLJFOdPqBpuub6eVRP5IgiSA=="],

    "@esbuild/darwin-x64": ["@esbuild/darwin-x64@0.25.2", "", { "os": "darwin", "cpu": "x64" }, "sha512-5eRPrTX7wFyuWe8FqEFPG2cU0+butQQVNcT4sVipqjLYQjjh8a8+vUTfgBKM88ObB85ahsnTwF7PSIt6PG+QkA=="],

    "@esbuild/freebsd-arm64": ["@esbuild/freebsd-arm64@0.25.2", "", { "os": "freebsd", "cpu": "arm64" }, "sha512-mLwm4vXKiQ2UTSX4+ImyiPdiHjiZhIaE9QvC7sw0tZ6HoNMjYAqQpGyui5VRIi5sGd+uWq940gdCbY3VLvsO1w=="],

    "@esbuild/freebsd-x64": ["@esbuild/freebsd-x64@0.25.2", "", { "os": "freebsd", "cpu": "x64" }, "sha512-6qyyn6TjayJSwGpm8J9QYYGQcRgc90nmfdUb0O7pp1s4lTY+9D0H9O02v5JqGApUyiHOtkz6+1hZNvNtEhbwRQ=="],

    "@esbuild/linux-arm": ["@esbuild/linux-arm@0.25.2", "", { "os": "linux", "cpu": "arm" }, "sha512-UHBRgJcmjJv5oeQF8EpTRZs/1knq6loLxTsjc3nxO9eXAPDLcWW55flrMVc97qFPbmZP31ta1AZVUKQzKTzb0g=="],

    "@esbuild/linux-arm64": ["@esbuild/linux-arm64@0.25.2", "", { "os": "linux", "cpu": "arm64" }, "sha512-gq/sjLsOyMT19I8obBISvhoYiZIAaGF8JpeXu1u8yPv8BE5HlWYobmlsfijFIZ9hIVGYkbdFhEqC0NvM4kNO0g=="],

    "@esbuild/linux-ia32": ["@esbuild/linux-ia32@0.25.2", "", { "os": "linux", "cpu": "ia32" }, "sha512-bBYCv9obgW2cBP+2ZWfjYTU+f5cxRoGGQ5SeDbYdFCAZpYWrfjjfYwvUpP8MlKbP0nwZ5gyOU/0aUzZ5HWPuvQ=="],

    "@esbuild/linux-loong64": ["@esbuild/linux-loong64@0.25.2", "", { "os": "linux", "cpu": "none" }, "sha512-SHNGiKtvnU2dBlM5D8CXRFdd+6etgZ9dXfaPCeJtz+37PIUlixvlIhI23L5khKXs3DIzAn9V8v+qb1TRKrgT5w=="],

    "@esbuild/linux-mips64el": ["@esbuild/linux-mips64el@0.25.2", "", { "os": "linux", "cpu": "none" }, "sha512-hDDRlzE6rPeoj+5fsADqdUZl1OzqDYow4TB4Y/3PlKBD0ph1e6uPHzIQcv2Z65u2K0kpeByIyAjCmjn1hJgG0Q=="],

    "@esbuild/linux-ppc64": ["@esbuild/linux-ppc64@0.25.2", "", { "os": "linux", "cpu": "ppc64" }, "sha512-tsHu2RRSWzipmUi9UBDEzc0nLc4HtpZEI5Ba+Omms5456x5WaNuiG3u7xh5AO6sipnJ9r4cRWQB2tUjPyIkc6g=="],

    "@esbuild/linux-riscv64": ["@esbuild/linux-riscv64@0.25.2", "", { "os": "linux", "cpu": "none" }, "sha512-k4LtpgV7NJQOml/10uPU0s4SAXGnowi5qBSjaLWMojNCUICNu7TshqHLAEbkBdAszL5TabfvQ48kK84hyFzjnw=="],

    "@esbuild/linux-s390x": ["@esbuild/linux-s390x@0.25.2", "", { "os": "linux", "cpu": "s390x" }, "sha512-GRa4IshOdvKY7M/rDpRR3gkiTNp34M0eLTaC1a08gNrh4u488aPhuZOCpkF6+2wl3zAN7L7XIpOFBhnaE3/Q8Q=="],

    "@esbuild/linux-x64": ["@esbuild/linux-x64@0.25.2", "", { "os": "linux", "cpu": "x64" }, "sha512-QInHERlqpTTZ4FRB0fROQWXcYRD64lAoiegezDunLpalZMjcUcld3YzZmVJ2H/Cp0wJRZ8Xtjtj0cEHhYc/uUg=="],

    "@esbuild/netbsd-arm64": ["@esbuild/netbsd-arm64@0.25.2", "", { "os": "none", "cpu": "arm64" }, "sha512-talAIBoY5M8vHc6EeI2WW9d/CkiO9MQJ0IOWX8hrLhxGbro/vBXJvaQXefW2cP0z0nQVTdQ/eNyGFV1GSKrxfw=="],

    "@esbuild/netbsd-x64": ["@esbuild/netbsd-x64@0.25.2", "", { "os": "none", "cpu": "x64" }, "sha512-voZT9Z+tpOxrvfKFyfDYPc4DO4rk06qamv1a/fkuzHpiVBMOhpjK+vBmWM8J1eiB3OLSMFYNaOaBNLXGChf5tg=="],

    "@esbuild/openbsd-arm64": ["@esbuild/openbsd-arm64@0.25.2", "", { "os": "openbsd", "cpu": "arm64" }, "sha512-dcXYOC6NXOqcykeDlwId9kB6OkPUxOEqU+rkrYVqJbK2hagWOMrsTGsMr8+rW02M+d5Op5NNlgMmjzecaRf7Tg=="],

    "@esbuild/openbsd-x64": ["@esbuild/openbsd-x64@0.25.2", "", { "os": "openbsd", "cpu": "x64" }, "sha512-t/TkWwahkH0Tsgoq1Ju7QfgGhArkGLkF1uYz8nQS/PPFlXbP5YgRpqQR3ARRiC2iXoLTWFxc6DJMSK10dVXluw=="],

    "@esbuild/sunos-x64": ["@esbuild/sunos-x64@0.25.2", "", { "os": "sunos", "cpu": "x64" }, "sha512-cfZH1co2+imVdWCjd+D1gf9NjkchVhhdpgb1q5y6Hcv9TP6Zi9ZG/beI3ig8TvwT9lH9dlxLq5MQBBgwuj4xvA=="],

    "@esbuild/win32-arm64": ["@esbuild/win32-arm64@0.25.2", "", { "os": "win32", "cpu": "arm64" }, "sha512-7Loyjh+D/Nx/sOTzV8vfbB3GJuHdOQyrOryFdZvPHLf42Tk9ivBU5Aedi7iyX+x6rbn2Mh68T4qq1SDqJBQO5Q=="],

    "@esbuild/win32-ia32": ["@esbuild/win32-ia32@0.25.2", "", { "os": "win32", "cpu": "ia32" }, "sha512-WRJgsz9un0nqZJ4MfhabxaD9Ft8KioqU3JMinOTvobbX6MOSUigSBlogP8QB3uxpJDsFS6yN+3FDBdqE5lg9kg=="],

    "@esbuild/win32-x64": ["@esbuild/win32-x64@0.25.2", "", { "os": "win32", "cpu": "x64" }, "sha512-kM3HKb16VIXZyIeVrM1ygYmZBKybX8N4p754bw390wGO3Tf2j4L2/WYL+4suWujpgf6GBYs3jv7TyUivdd05JA=="],

    "@jridgewell/gen-mapping": ["@jridgewell/gen-mapping@0.3.8", "", { "dependencies": { "@jridgewell/set-array": "^1.2.1", "@jridgewell/sourcemap-codec": "^1.4.10", "@jridgewell/trace-mapping": "^0.3.24" } }, "sha512-imAbBGkb+ebQyxKgzv5Hu2nmROxoDOXHh80evxdoXNOrvAnVx7zimzc1Oo5h9RlfV4vPXaE2iM5pOFbvOCClWA=="],

    "@jridgewell/resolve-uri": ["@jridgewell/resolve-uri@3.1.2", "", {}, "sha512-bRISgCIjP20/tbWSPWMEi54QVPRZExkuD9lJL+UIxUKtwVJA8wW1Trb1jMs1RFXo1CBTNZ/5hpC9QvmKWdopKw=="],

    "@jridgewell/set-array": ["@jridgewell/set-array@1.2.1", "", {}, "sha512-R8gLRTZeyp03ymzP/6Lil/28tGeGEzhx1q2k703KGWRAI1VdvPIXdG70VJc2pAMw3NA6JKL5hhFu1sJX0Mnn/A=="],

    "@jridgewell/sourcemap-codec": ["@jridgewell/sourcemap-codec@1.5.0", "", {}, "sha512-gv3ZRaISU3fjPAgNsriBRqGWQL6quFx04YMPW/zD8XMLsU32mhCCbfbO6KZFLjvYpCZ8zyDEgqsgf+PwPaM7GQ=="],

    "@jridgewell/trace-mapping": ["@jridgewell/trace-mapping@0.3.25", "", { "dependencies": { "@jridgewell/resolve-uri": "^3.1.0", "@jridgewell/sourcemap-codec": "^1.4.14" } }, "sha512-vNk6aEwybGtawWmy/PzwnGDOjCkLWSD2wqvjGGAgOAwCGWySYXfYoxt00IJkTF+8Lb57DwOb3Aa0o9CApepiYQ=="],

    "@polka/url": ["@polka/url@1.0.0-next.29", "", {}, "sha512-wwQAWhWSuHaag8c4q/KN/vCoeOJYshAIvMQwD4GpSb3OiZklFfvAgmj0VCBBImRpuF/aFgIRzllXlVX93Jevww=="],

    "@privacypin/server": ["@privacypin/server@workspace:server"],

    "@privacypin/shared": ["@privacypin/shared@workspace:shared"],

    "@rollup/rollup-android-arm-eabi": ["@rollup/rollup-android-arm-eabi@4.40.0", "", { "os": "android", "cpu": "arm" }, "sha512-+Fbls/diZ0RDerhE8kyC6hjADCXA1K4yVNlH0EYfd2XjyH0UGgzaQ8MlT0pCXAThfxv3QUAczHaL+qSv1E4/Cg=="],

    "@rollup/rollup-android-arm64": ["@rollup/rollup-android-arm64@4.40.0", "", { "os": "android", "cpu": "arm64" }, "sha512-PPA6aEEsTPRz+/4xxAmaoWDqh67N7wFbgFUJGMnanCFs0TV99M0M8QhhaSCks+n6EbQoFvLQgYOGXxlMGQe/6w=="],

    "@rollup/rollup-darwin-arm64": ["@rollup/rollup-darwin-arm64@4.40.0", "", { "os": "darwin", "cpu": "arm64" }, "sha512-GwYOcOakYHdfnjjKwqpTGgn5a6cUX7+Ra2HeNj/GdXvO2VJOOXCiYYlRFU4CubFM67EhbmzLOmACKEfvp3J1kQ=="],

    "@rollup/rollup-darwin-x64": ["@rollup/rollup-darwin-x64@4.40.0", "", { "os": "darwin", "cpu": "x64" }, "sha512-CoLEGJ+2eheqD9KBSxmma6ld01czS52Iw0e2qMZNpPDlf7Z9mj8xmMemxEucinev4LgHalDPczMyxzbq+Q+EtA=="],

    "@rollup/rollup-freebsd-arm64": ["@rollup/rollup-freebsd-arm64@4.40.0", "", { "os": "freebsd", "cpu": "arm64" }, "sha512-r7yGiS4HN/kibvESzmrOB/PxKMhPTlz+FcGvoUIKYoTyGd5toHp48g1uZy1o1xQvybwwpqpe010JrcGG2s5nkg=="],

    "@rollup/rollup-freebsd-x64": ["@rollup/rollup-freebsd-x64@4.40.0", "", { "os": "freebsd", "cpu": "x64" }, "sha512-mVDxzlf0oLzV3oZOr0SMJ0lSDd3xC4CmnWJ8Val8isp9jRGl5Dq//LLDSPFrasS7pSm6m5xAcKaw3sHXhBjoRw=="],

    "@rollup/rollup-linux-arm-gnueabihf": ["@rollup/rollup-linux-arm-gnueabihf@4.40.0", "", { "os": "linux", "cpu": "arm" }, "sha512-y/qUMOpJxBMy8xCXD++jeu8t7kzjlOCkoxxajL58G62PJGBZVl/Gwpm7JK9+YvlB701rcQTzjUZ1JgUoPTnoQA=="],

    "@rollup/rollup-linux-arm-musleabihf": ["@rollup/rollup-linux-arm-musleabihf@4.40.0", "", { "os": "linux", "cpu": "arm" }, "sha512-GoCsPibtVdJFPv/BOIvBKO/XmwZLwaNWdyD8TKlXuqp0veo2sHE+A/vpMQ5iSArRUz/uaoj4h5S6Pn0+PdhRjg=="],

    "@rollup/rollup-linux-arm64-gnu": ["@rollup/rollup-linux-arm64-gnu@4.40.0", "", { "os": "linux", "cpu": "arm64" }, "sha512-L5ZLphTjjAD9leJzSLI7rr8fNqJMlGDKlazW2tX4IUF9P7R5TMQPElpH82Q7eNIDQnQlAyiNVfRPfP2vM5Avvg=="],

    "@rollup/rollup-linux-arm64-musl": ["@rollup/rollup-linux-arm64-musl@4.40.0", "", { "os": "linux", "cpu": "arm64" }, "sha512-ATZvCRGCDtv1Y4gpDIXsS+wfFeFuLwVxyUBSLawjgXK2tRE6fnsQEkE4csQQYWlBlsFztRzCnBvWVfcae/1qxQ=="],

    "@rollup/rollup-linux-loongarch64-gnu": ["@rollup/rollup-linux-loongarch64-gnu@4.40.0", "", { "os": "linux", "cpu": "none" }, "sha512-wG9e2XtIhd++QugU5MD9i7OnpaVb08ji3P1y/hNbxrQ3sYEelKJOq1UJ5dXczeo6Hj2rfDEL5GdtkMSVLa/AOg=="],

    "@rollup/rollup-linux-powerpc64le-gnu": ["@rollup/rollup-linux-powerpc64le-gnu@4.40.0", "", { "os": "linux", "cpu": "ppc64" }, "sha512-vgXfWmj0f3jAUvC7TZSU/m/cOE558ILWDzS7jBhiCAFpY2WEBn5jqgbqvmzlMjtp8KlLcBlXVD2mkTSEQE6Ixw=="],

    "@rollup/rollup-linux-riscv64-gnu": ["@rollup/rollup-linux-riscv64-gnu@4.40.0", "", { "os": "linux", "cpu": "none" }, "sha512-uJkYTugqtPZBS3Z136arevt/FsKTF/J9dEMTX/cwR7lsAW4bShzI2R0pJVw+hcBTWF4dxVckYh72Hk3/hWNKvA=="],

    "@rollup/rollup-linux-riscv64-musl": ["@rollup/rollup-linux-riscv64-musl@4.40.0", "", { "os": "linux", "cpu": "none" }, "sha512-rKmSj6EXQRnhSkE22+WvrqOqRtk733x3p5sWpZilhmjnkHkpeCgWsFFo0dGnUGeA+OZjRl3+VYq+HyCOEuwcxQ=="],

    "@rollup/rollup-linux-s390x-gnu": ["@rollup/rollup-linux-s390x-gnu@4.40.0", "", { "os": "linux", "cpu": "s390x" }, "sha512-SpnYlAfKPOoVsQqmTFJ0usx0z84bzGOS9anAC0AZ3rdSo3snecihbhFTlJZ8XMwzqAcodjFU4+/SM311dqE5Sw=="],

    "@rollup/rollup-linux-x64-gnu": ["@rollup/rollup-linux-x64-gnu@4.40.0", "", { "os": "linux", "cpu": "x64" }, "sha512-RcDGMtqF9EFN8i2RYN2W+64CdHruJ5rPqrlYw+cgM3uOVPSsnAQps7cpjXe9be/yDp8UC7VLoCoKC8J3Kn2FkQ=="],

    "@rollup/rollup-linux-x64-musl": ["@rollup/rollup-linux-x64-musl@4.40.0", "", { "os": "linux", "cpu": "x64" }, "sha512-HZvjpiUmSNx5zFgwtQAV1GaGazT2RWvqeDi0hV+AtC8unqqDSsaFjPxfsO6qPtKRRg25SisACWnJ37Yio8ttaw=="],

    "@rollup/rollup-win32-arm64-msvc": ["@rollup/rollup-win32-arm64-msvc@4.40.0", "", { "os": "win32", "cpu": "arm64" }, "sha512-UtZQQI5k/b8d7d3i9AZmA/t+Q4tk3hOC0tMOMSq2GlMYOfxbesxG4mJSeDp0EHs30N9bsfwUvs3zF4v/RzOeTQ=="],

    "@rollup/rollup-win32-ia32-msvc": ["@rollup/rollup-win32-ia32-msvc@4.40.0", "", { "os": "win32", "cpu": "ia32" }, "sha512-+m03kvI2f5syIqHXCZLPVYplP8pQch9JHyXKZ3AGMKlg8dCyr2PKHjwRLiW53LTrN/Nc3EqHOKxUxzoSPdKddA=="],

    "@rollup/rollup-win32-x64-msvc": ["@rollup/rollup-win32-x64-msvc@4.40.0", "", { "os": "win32", "cpu": "x64" }, "sha512-lpPE1cLfP5oPzVjKMx10pgBmKELQnFJXHgvtHCtuJWOv8MxqdEIMNtgHgBFf7Ea2/7EuVwa9fodWUfXAlXZLZQ=="],

    "@sveltejs/acorn-typescript": ["@sveltejs/acorn-typescript@1.0.5", "", { "peerDependencies": { "acorn": "^8.9.0" } }, "sha512-IwQk4yfwLdibDlrXVE04jTZYlLnwsTT2PIOQQGNLWfjavGifnk1JD1LcZjZaBTRcxZu2FfPfNLOE04DSu9lqtQ=="],

    "@sveltejs/adapter-static": ["@sveltejs/adapter-static@3.0.8", "", { "peerDependencies": { "@sveltejs/kit": "^2.0.0" } }, "sha512-YaDrquRpZwfcXbnlDsSrBQNCChVOT9MGuSg+dMAyfsAa1SmiAhrA5jUYUiIMC59G92kIbY/AaQOWcBdq+lh+zg=="],

    "@sveltejs/kit": ["@sveltejs/kit@2.20.5", "", { "dependencies": { "@types/cookie": "^0.6.0", "cookie": "^0.6.0", "devalue": "^5.1.0", "esm-env": "^1.2.2", "import-meta-resolve": "^4.1.0", "kleur": "^4.1.5", "magic-string": "^0.30.5", "mrmime": "^2.0.0", "sade": "^1.8.1", "set-cookie-parser": "^2.6.0", "sirv": "^3.0.0" }, "peerDependencies": { "@sveltejs/vite-plugin-svelte": "^3.0.0 || ^4.0.0-next.1 || ^5.0.0", "svelte": "^4.0.0 || ^5.0.0-next.0", "vite": "^5.0.3 || ^6.0.0" }, "bin": { "svelte-kit": "svelte-kit.js" } }, "sha512-zT/97KvVUo19jEGZa972ls7KICjPCB53j54TVxnEFT5VEwL16G+YFqRVwJbfxh7AmS7/Ptr1rKF7Qt4FBMDNlw=="],

    "@sveltejs/vite-plugin-svelte": ["@sveltejs/vite-plugin-svelte@5.0.3", "", { "dependencies": { "@sveltejs/vite-plugin-svelte-inspector": "^4.0.1", "debug": "^4.4.0", "deepmerge": "^4.3.1", "kleur": "^4.1.5", "magic-string": "^0.30.15", "vitefu": "^1.0.4" }, "peerDependencies": { "svelte": "^5.0.0", "vite": "^6.0.0" } }, "sha512-MCFS6CrQDu1yGwspm4qtli0e63vaPCehf6V7pIMP15AsWgMKrqDGCPFF/0kn4SP0ii4aySu4Pa62+fIRGFMjgw=="],

    "@sveltejs/vite-plugin-svelte-inspector": ["@sveltejs/vite-plugin-svelte-inspector@4.0.1", "", { "dependencies": { "debug": "^4.3.7" }, "peerDependencies": { "@sveltejs/vite-plugin-svelte": "^5.0.0", "svelte": "^5.0.0", "vite": "^6.0.0" } }, "sha512-J/Nmb2Q2y7mck2hyCX4ckVHcR5tu2J+MtBEQqpDrrgELZ2uvraQcK/ioCV61AqkdXFgriksOKIceDcQmqnGhVw=="],

    "@tauri-apps/api": ["@tauri-apps/api@2.4.1", "", {}, "sha512-5sYwZCSJb6PBGbBL4kt7CnE5HHbBqwH+ovmOW6ZVju3nX4E3JX6tt2kRklFEH7xMOIwR0btRkZktuLhKvyEQYg=="],

    "@tauri-apps/cli": ["@tauri-apps/cli@2.4.1", "", { "optionalDependencies": { "@tauri-apps/cli-darwin-arm64": "2.4.1", "@tauri-apps/cli-darwin-x64": "2.4.1", "@tauri-apps/cli-linux-arm-gnueabihf": "2.4.1", "@tauri-apps/cli-linux-arm64-gnu": "2.4.1", "@tauri-apps/cli-linux-arm64-musl": "2.4.1", "@tauri-apps/cli-linux-riscv64-gnu": "2.4.1", "@tauri-apps/cli-linux-x64-gnu": "2.4.1", "@tauri-apps/cli-linux-x64-musl": "2.4.1", "@tauri-apps/cli-win32-arm64-msvc": "2.4.1", "@tauri-apps/cli-win32-ia32-msvc": "2.4.1", "@tauri-apps/cli-win32-x64-msvc": "2.4.1" }, "bin": { "tauri": "tauri.js" } }, "sha512-9Ta81jx9+57FhtU/mPIckDcOBtPTUdKM75t4+aA0X84b8Sclb0jy1xA8NplmcRzp2fsfIHNngU2NiRxsW5+yOQ=="],

    "@tauri-apps/cli-darwin-arm64": ["@tauri-apps/cli-darwin-arm64@2.4.1", "", { "os": "darwin", "cpu": "arm64" }, "sha512-QME7s8XQwy3LWClTVlIlwXVSLKkeJ/z88pr917Mtn9spYOjnBfsgHAgGdmpWD3NfJxjg7CtLbhH49DxoFL+hLg=="],

    "@tauri-apps/cli-darwin-x64": ["@tauri-apps/cli-darwin-x64@2.4.1", "", { "os": "darwin", "cpu": "x64" }, "sha512-/r89IcW6Ya1sEsFUEH7wLNruDTj7WmDWKGpPy7gATFtQr5JEY4heernqE82isjTUimnHZD8SCr0jA3NceI4ybw=="],

    "@tauri-apps/cli-linux-arm-gnueabihf": ["@tauri-apps/cli-linux-arm-gnueabihf@2.4.1", "", { "os": "linux", "cpu": "arm" }, "sha512-9tDijkRB+CchAGjXxYdY9l/XzFpLp1yihUtGXJz9eh+3qIoRI043n3e+6xmU8ZURr7XPnu+R4sCmXs6HD+NCEQ=="],

    "@tauri-apps/cli-linux-arm64-gnu": ["@tauri-apps/cli-linux-arm64-gnu@2.4.1", "", { "os": "linux", "cpu": "arm64" }, "sha512-pnFGDEXBAzS4iDYAVxTRhAzNu3K2XPGflYyBc0czfHDBXopqRgMyj5Q9Wj7HAwv6cM8BqzXINxnb2ZJFGmbSgA=="],

    "@tauri-apps/cli-linux-arm64-musl": ["@tauri-apps/cli-linux-arm64-musl@2.4.1", "", { "os": "linux", "cpu": "arm64" }, "sha512-Hp0zXgeZNKmT+eoJSCxSBUm2QndNuRxR55tmIeNm3vbyUMJN/49uW7nurZ5fBPsacN4Pzwlx1dIMK+Gnr9A69w=="],

    "@tauri-apps/cli-linux-riscv64-gnu": ["@tauri-apps/cli-linux-riscv64-gnu@2.4.1", "", { "os": "linux", "cpu": "none" }, "sha512-3T3bo2E4fdYRvzcXheWUeQOVB+LunEEi92iPRgOyuSVexVE4cmHYl+MPJF+EUV28Et0hIVTsHibmDO0/04lAFg=="],

    "@tauri-apps/cli-linux-x64-gnu": ["@tauri-apps/cli-linux-x64-gnu@2.4.1", "", { "os": "linux", "cpu": "x64" }, "sha512-kLN0FdNONO+2i+OpU9+mm6oTGufRC00e197TtwjpC0N6K2K8130w7Q3FeODIM2CMyg0ov3tH+QWqKW7GNhHFzg=="],

    "@tauri-apps/cli-linux-x64-musl": ["@tauri-apps/cli-linux-x64-musl@2.4.1", "", { "os": "linux", "cpu": "x64" }, "sha512-a8exvA5Ub9eg66a6hsMQKJIkf63QAf9OdiuFKOsEnKZkNN2x0NLgfvEcqdw88VY0UMs9dBoZ1AGbWMeYnLrLwQ=="],

    "@tauri-apps/cli-win32-arm64-msvc": ["@tauri-apps/cli-win32-arm64-msvc@2.4.1", "", { "os": "win32", "cpu": "arm64" }, "sha512-4JFrslsMCJQG1c573T9uqQSAbF3j/tMKkMWzsIssv8jvPiP++OG61A2/F+y9te9/Q/O95cKhDK63kaiO5xQaeg=="],

    "@tauri-apps/cli-win32-ia32-msvc": ["@tauri-apps/cli-win32-ia32-msvc@2.4.1", "", { "os": "win32", "cpu": "ia32" }, "sha512-9eXfFORehYSCRwxg2KodfmX/mhr50CI7wyBYGbPLePCjr5z0jK/9IyW6r0tC+ZVjwpX48dkk7hKiUgI25jHjzA=="],

    "@tauri-apps/cli-win32-x64-msvc": ["@tauri-apps/cli-win32-x64-msvc@2.4.1", "", { "os": "win32", "cpu": "x64" }, "sha512-60a4Ov7Jrwqz2hzDltlS7301dhSAmM9dxo+IRBD3xz7yobKrgaHXYpWvnRomYItHcDd51VaKc9292H8/eE/gsw=="],

    "@tauri-apps/plugin-http": ["@tauri-apps/plugin-http@2.4.3", "", { "dependencies": { "@tauri-apps/api": "^2.0.0" } }, "sha512-Us8X+FikzpaZRNr4kH4HLwyXascHbM42p6LxAqRTQnHPrrqp1usaH4vxWAZalPvTbHJ3gBEMJPHusFJgtjGJjA=="],

    "@tauri-apps/plugin-opener": ["@tauri-apps/plugin-opener@2.2.6", "", { "dependencies": { "@tauri-apps/api": "^2.0.0" } }, "sha512-bSdkuP71ZQRepPOn8BOEdBKYJQvl6+jb160QtJX/i2H9BF6ZySY/kYljh76N2Ne5fJMQRge7rlKoStYQY5Jq1w=="],

    "@tauri-apps/plugin-store": ["@tauri-apps/plugin-store@2.2.0", "", { "dependencies": { "@tauri-apps/api": "^2.0.0" } }, "sha512-hJTRtuJis4w5fW1dkcgftsYxKXK0+DbAqurZ3CURHG5WkAyyZgbxpeYctw12bbzF9ZbZREXZklPq8mocCC3Sgg=="],

    "@types/bun": ["@types/bun@1.2.9", "", { "dependencies": { "bun-types": "1.2.9" } }, "sha512-epShhLGQYc4Bv/aceHbmBhOz1XgUnuTZgcxjxk+WXwNyDXavv5QHD1QEFV0FwbTSQtNq6g4ZcV6y0vZakTjswg=="],

    "@types/cookie": ["@types/cookie@0.6.0", "", {}, "sha512-4Kh9a6B2bQciAhf7FSuMRRkUWecJgJu9nPnx3yzpsfXX/c50REIqpHY4C82bXP90qrLtXtkDxTZosYO3UpOwlA=="],

    "@types/estree": ["@types/estree@1.0.7", "", {}, "sha512-w28IoSUCJpidD/TGviZwwMJckNESJZXFu7NBZ5YJ4mEUnNraUn9Pm8HSZm/jDF1pDWYKspWE7oVphigUPRakIQ=="],

    "@types/node": ["@types/node@22.14.1", "", { "dependencies": { "undici-types": "~6.21.0" } }, "sha512-u0HuPQwe/dHrItgHHpmw3N2fYCR6x4ivMNbPHRkBVP4CvN+kiRrKHWk3i8tXiO/joPwXLMYvF9TTF0eqgHIuOw=="],

    "@types/ws": ["@types/ws@8.18.1", "", { "dependencies": { "@types/node": "*" } }, "sha512-ThVF6DCVhA8kUGy+aazFQ4kXQ7E1Ty7A3ypFOe0IcJV8O/M511G99AW24irKrW56Wt44yG9+ij8FaqoBGkuBXg=="],

    "acorn": ["acorn@8.14.1", "", { "bin": { "acorn": "bin/acorn" } }, "sha512-OvQ/2pUDKmgfCg++xsTX1wGxfTaszcHVcTctW4UJB4hibJx2HXxxO5UmVgyjMa+ZDsiaf5wWLXYpRWMmBI0QHg=="],

    "app": ["app@workspace:privacypin"],

    "aria-query": ["aria-query@5.3.2", "", {}, "sha512-COROpnaoap1E2F000S62r6A60uHZnmlvomhfyT2DlTcrY1OrBKn2UhH7qn5wTC9zMvD0AY7csdPSNwKP+7WiQw=="],

    "axobject-query": ["axobject-query@4.1.0", "", {}, "sha512-qIj0G9wZbMGNLjLmg1PT6v2mE9AH2zlnADJD/2tC6E00hgmhUOfEB6greHPAfLRSufHqROIUTkw6E+M3lH0PTQ=="],

    "bun-types": ["bun-types@1.2.9", "", { "dependencies": { "@types/node": "*", "@types/ws": "*" } }, "sha512-dk/kOEfQbajENN/D6FyiSgOKEuUi9PWfqKQJEgwKrCMWbjS/S6tEXp178mWvWAcUSYm9ArDlWHZKO3T/4cLXiw=="],

    "chokidar": ["chokidar@4.0.3", "", { "dependencies": { "readdirp": "^4.0.1" } }, "sha512-Qgzu8kfBvo+cA4962jnP1KkS6Dop5NS6g7R5LFYJr4b8Ub94PPQXUksCw9PvXoeXPRRddRNC5C1JQUR2SMGtnA=="],

    "clsx": ["clsx@2.1.1", "", {}, "sha512-eYm0QWBtUrBWZWG0d386OGAw16Z995PiOVo2B7bjWSbHedGl5e0ZWaq65kOGgUSNesEIDkB9ISbTg/JK9dhCZA=="],

    "cookie": ["cookie@0.6.0", "", {}, "sha512-U71cyTamuh1CRNCfpGY6to28lxvNwPG4Guz/EVjgf3Jmzv0vlDp1atT9eS5dDjMYHucpHbWns6Lwf3BKz6svdw=="],

    "debug": ["debug@4.4.0", "", { "dependencies": { "ms": "^2.1.3" } }, "sha512-6WTZ/IxCY/T6BALoZHaE4ctp9xm+Z5kY/pzYaCHRFeyVhojxlrm+46y68HA6hr0TcwEssoxNiDEUJQjfPZ/RYA=="],

    "deepmerge": ["deepmerge@4.3.1", "", {}, "sha512-3sUqbMEc77XqpdNO7FRyRog+eW3ph+GYCbj+rK+uYyRMuwsVy0rMiVtPn+QJlKFvWP/1PYpapqYn0Me2knFn+A=="],

    "devalue": ["devalue@5.1.1", "", {}, "sha512-maua5KUiapvEwiEAe+XnlZ3Rh0GD+qI1J/nb9vrJc3muPXvcF/8gXYTWF76+5DAqHyDUtOIImEuo0YKE9mshVw=="],

    "esbuild": ["esbuild@0.25.2", "", { "optionalDependencies": { "@esbuild/aix-ppc64": "0.25.2", "@esbuild/android-arm": "0.25.2", "@esbuild/android-arm64": "0.25.2", "@esbuild/android-x64": "0.25.2", "@esbuild/darwin-arm64": "0.25.2", "@esbuild/darwin-x64": "0.25.2", "@esbuild/freebsd-arm64": "0.25.2", "@esbuild/freebsd-x64": "0.25.2", "@esbuild/linux-arm": "0.25.2", "@esbuild/linux-arm64": "0.25.2", "@esbuild/linux-ia32": "0.25.2", "@esbuild/linux-loong64": "0.25.2", "@esbuild/linux-mips64el": "0.25.2", "@esbuild/linux-ppc64": "0.25.2", "@esbuild/linux-riscv64": "0.25.2", "@esbuild/linux-s390x": "0.25.2", "@esbuild/linux-x64": "0.25.2", "@esbuild/netbsd-arm64": "0.25.2", "@esbuild/netbsd-x64": "0.25.2", "@esbuild/openbsd-arm64": "0.25.2", "@esbuild/openbsd-x64": "0.25.2", "@esbuild/sunos-x64": "0.25.2", "@esbuild/win32-arm64": "0.25.2", "@esbuild/win32-ia32": "0.25.2", "@esbuild/win32-x64": "0.25.2" }, "bin": { "esbuild": "bin/esbuild" } }, "sha512-16854zccKPnC+toMywC+uKNeYSv+/eXkevRAfwRD/G9Cleq66m8XFIrigkbvauLLlCfDL45Q2cWegSg53gGBnQ=="],

    "esm-env": ["esm-env@1.2.2", "", {}, "sha512-Epxrv+Nr/CaL4ZcFGPJIYLWFom+YeV1DqMLHJoEd9SYRxNbaFruBwfEX/kkHUJf55j2+TUbmDcmuilbP1TmXHA=="],

    "esrap": ["esrap@1.4.6", "", { "dependencies": { "@jridgewell/sourcemap-codec": "^1.4.15" } }, "sha512-F/D2mADJ9SHY3IwksD4DAXjTt7qt7GWUf3/8RhCNWmC/67tyb55dpimHmy7EplakFaflV0R/PC+fdSPqrRHAQw=="],

    "fdir": ["fdir@6.4.3", "", { "peerDependencies": { "picomatch": "^3 || ^4" }, "optionalPeers": ["picomatch"] }, "sha512-PMXmW2y1hDDfTSRc9gaXIuCCRpuoz3Kaz8cUelp3smouvfT632ozg2vrT6lJsHKKOF59YLbOGfAWGUcKEfRMQw=="],

    "fsevents": ["fsevents@2.3.3", "", { "os": "darwin" }, "sha512-5xoDfX+fL7faATnagmWPpbFtwh/R77WmMMqqHGS65C3vvB0YHrgF+B1YmZ3441tMj5n63k0212XNoJwzlhffQw=="],

    "import-meta-resolve": ["import-meta-resolve@4.1.0", "", {}, "sha512-I6fiaX09Xivtk+THaMfAwnA3MVA5Big1WHF1Dfx9hFuvNIWpXnorlkzhcQf6ehrqQiiZECRt1poOAkPmer3ruw=="],

    "is-reference": ["is-reference@3.0.3", "", { "dependencies": { "@types/estree": "^1.0.6" } }, "sha512-ixkJoqQvAP88E6wLydLGGqCJsrFUnqoH6HnaczB8XmDH1oaWU+xxdptvikTgaEhtZ53Ky6YXiBuUI2WXLMCwjw=="],

    "kleur": ["kleur@4.1.5", "", {}, "sha512-o+NO+8WrRiQEE4/7nwRJhN1HWpVmJm511pBHUxPLtp0BUISzlBplORYSmTclCnJvQq2tKu/sgl3xVpkc7ZWuQQ=="],

    "locate-character": ["locate-character@3.0.0", "", {}, "sha512-SW13ws7BjaeJ6p7Q6CO2nchbYEc3X3J6WrmTTDto7yMPqVSZTUyY5Tjbid+Ab8gLnATtygYtiDIJGQRRn2ZOiA=="],

    "magic-string": ["magic-string@0.30.17", "", { "dependencies": { "@jridgewell/sourcemap-codec": "^1.5.0" } }, "sha512-sNPKHvyjVf7gyjwS4xGTaW/mCnF8wnjtifKBEhxfZ7E/S8tQ0rssrwGNn6q8JH/ohItJfSQp9mBtQYuTlH5QnA=="],

    "mri": ["mri@1.2.0", "", {}, "sha512-tzzskb3bG8LvYGFF/mDTpq3jpI6Q9wc3LEmBaghu+DdCssd1FakN7Bc0hVNmEyGq1bq3RgfkCb3cmQLpNPOroA=="],

    "mrmime": ["mrmime@2.0.1", "", {}, "sha512-Y3wQdFg2Va6etvQ5I82yUhGdsKrcYox6p7FfL1LbK2J4V01F9TGlepTIhnK24t7koZibmg82KGglhA1XK5IsLQ=="],

    "ms": ["ms@2.1.3", "", {}, "sha512-6FlzubTLZG3J2a/NVCAleEhjzq5oxgHyaCU9yYXvcLsvoVaHJq/s5xXI6/XXP6tz7R9xAOtHnSO/tXtF3WRTlA=="],

    "nanoid": ["nanoid@3.3.11", "", { "bin": { "nanoid": "bin/nanoid.cjs" } }, "sha512-N8SpfPUnUp1bK+PMYW8qSWdl9U+wwNWI4QKxOYDy9JAro3WMX7p2OeVRF9v+347pnakNevPmiHhNmZ2HbFA76w=="],

    "picocolors": ["picocolors@1.1.1", "", {}, "sha512-xceH2snhtb5M9liqDsmEw56le376mTZkEX/jEb/RxNFyegNul7eNslCXP9FDj/Lcu0X8KEyMceP2ntpaHrDEVA=="],

    "postcss": ["postcss@8.5.3", "", { "dependencies": { "nanoid": "^3.3.8", "picocolors": "^1.1.1", "source-map-js": "^1.2.1" } }, "sha512-dle9A3yYxlBSrt8Fu+IpjGT8SY8hN0mlaA6GY8t0P5PjIOZemULz/E2Bnm/2dcUOena75OTNkHI76uZBNUUq3A=="],

    "readdirp": ["readdirp@4.1.2", "", {}, "sha512-GDhwkLfywWL2s6vEjyhri+eXmfH6j1L7JE27WhqLeYzoh/A3DBaYGEj2H/HFZCn/kMfim73FXxEJTw06WtxQwg=="],

    "rollup": ["rollup@4.40.0", "", { "dependencies": { "@types/estree": "1.0.7" }, "optionalDependencies": { "@rollup/rollup-android-arm-eabi": "4.40.0", "@rollup/rollup-android-arm64": "4.40.0", "@rollup/rollup-darwin-arm64": "4.40.0", "@rollup/rollup-darwin-x64": "4.40.0", "@rollup/rollup-freebsd-arm64": "4.40.0", "@rollup/rollup-freebsd-x64": "4.40.0", "@rollup/rollup-linux-arm-gnueabihf": "4.40.0", "@rollup/rollup-linux-arm-musleabihf": "4.40.0", "@rollup/rollup-linux-arm64-gnu": "4.40.0", "@rollup/rollup-linux-arm64-musl": "4.40.0", "@rollup/rollup-linux-loongarch64-gnu": "4.40.0", "@rollup/rollup-linux-powerpc64le-gnu": "4.40.0", "@rollup/rollup-linux-riscv64-gnu": "4.40.0", "@rollup/rollup-linux-riscv64-musl": "4.40.0", "@rollup/rollup-linux-s390x-gnu": "4.40.0", "@rollup/rollup-linux-x64-gnu": "4.40.0", "@rollup/rollup-linux-x64-musl": "4.40.0", "@rollup/rollup-win32-arm64-msvc": "4.40.0", "@rollup/rollup-win32-ia32-msvc": "4.40.0", "@rollup/rollup-win32-x64-msvc": "4.40.0", "fsevents": "~2.3.2" }, "bin": { "rollup": "dist/bin/rollup" } }, "sha512-Noe455xmA96nnqH5piFtLobsGbCij7Tu+tb3c1vYjNbTkfzGqXqQXG3wJaYXkRZuQ0vEYN4bhwg7QnIrqB5B+w=="],

    "sade": ["sade@1.8.1", "", { "dependencies": { "mri": "^1.1.0" } }, "sha512-xal3CZX1Xlo/k4ApwCFrHVACi9fBqJ7V+mwhBsuf/1IOKbBy098Fex+Wa/5QMubw09pSZ/u8EY8PWgevJsXp1A=="],

    "set-cookie-parser": ["set-cookie-parser@2.7.1", "", {}, "sha512-IOc8uWeOZgnb3ptbCURJWNjWUPcO3ZnTTdzsurqERrP6nPyv+paC55vJM0LpOlT2ne+Ix+9+CRG1MNLlyZ4GjQ=="],

    "sirv": ["sirv@3.0.1", "", { "dependencies": { "@polka/url": "^1.0.0-next.24", "mrmime": "^2.0.0", "totalist": "^3.0.0" } }, "sha512-FoqMu0NCGBLCcAkS1qA+XJIQTR6/JHfQXl+uGteNCQ76T91DMUjPa9xfmeqMY3z80nLSg9yQmNjK0Px6RWsH/A=="],

    "source-map-js": ["source-map-js@1.2.1", "", {}, "sha512-UXWMKhLOwVKb728IUtQPXxfYU+usdybtUrK/8uGE8CQMvrhOpwvzDBwj0QhSL7MQc7vIsISBG8VQ8+IDQxpfQA=="],

    "svelte": ["svelte@5.26.2", "", { "dependencies": { "@ampproject/remapping": "^2.3.0", "@jridgewell/sourcemap-codec": "^1.5.0", "@sveltejs/acorn-typescript": "^1.0.5", "@types/estree": "^1.0.5", "acorn": "^8.12.1", "aria-query": "^5.3.1", "axobject-query": "^4.1.0", "clsx": "^2.1.1", "esm-env": "^1.2.1", "esrap": "^1.4.6", "is-reference": "^3.0.3", "locate-character": "^3.0.0", "magic-string": "^0.30.11", "zimmerframe": "^1.1.2" } }, "sha512-e2TEcGK2YKVwDWYy5OsptVclYgDvfY1E/8IzPiOq63uG/GDo/j5VUYTC9EinQNraoZalbMWN+5f5TYC1QlAqOw=="],

    "svelte-check": ["svelte-check@4.1.5", "", { "dependencies": { "@jridgewell/trace-mapping": "^0.3.25", "chokidar": "^4.0.1", "fdir": "^6.2.0", "picocolors": "^1.0.0", "sade": "^1.7.4" }, "peerDependencies": { "svelte": "^4.0.0 || ^5.0.0-next.0", "typescript": ">=5.0.0" }, "bin": { "svelte-check": "bin/svelte-check" } }, "sha512-Gb0T2IqBNe1tLB9EB1Qh+LOe+JB8wt2/rNBDGvkxQVvk8vNeAoG+vZgFB/3P5+zC7RWlyBlzm9dVjZFph/maIg=="],

    "totalist": ["totalist@3.0.1", "", {}, "sha512-sf4i37nQ2LBx4m3wB74y+ubopq6W/dIzXg0FDGjsYnZHVa1Da8FH853wlL2gtUhg+xJXjfk3kUZS3BRoQeoQBQ=="],

    "typescript": ["typescript@5.6.3", "", { "bin": { "tsc": "bin/tsc", "tsserver": "bin/tsserver" } }, "sha512-hjcS1mhfuyi4WW8IWtjP7brDrG2cuDZukyrYrSauoXGNgx0S7zceP07adYkJycEr56BOUTNPzbInooiN3fn1qw=="],

    "undici-types": ["undici-types@6.21.0", "", {}, "sha512-iwDZqg0QAGrg9Rav5H4n0M64c3mkR59cJ6wQp+7C4nI0gsmExaedaYLNO44eT4AtBBwjbTiGPMlt2Md0T9H9JQ=="],

    "vite": ["vite@6.2.6", "", { "dependencies": { "esbuild": "^0.25.0", "postcss": "^8.5.3", "rollup": "^4.30.1" }, "optionalDependencies": { "fsevents": "~2.3.3" }, "peerDependencies": { "@types/node": "^18.0.0 || ^20.0.0 || >=22.0.0", "jiti": ">=1.21.0", "less": "*", "lightningcss": "^1.21.0", "sass": "*", "sass-embedded": "*", "stylus": "*", "sugarss": "*", "terser": "^5.16.0", "tsx": "^4.8.1", "yaml": "^2.4.2" }, "optionalPeers": ["@types/node", "jiti", "less", "lightningcss", "sass", "sass-embedded", "stylus", "sugarss", "terser", "tsx", "yaml"], "bin": { "vite": "bin/vite.js" } }, "sha512-9xpjNl3kR4rVDZgPNdTL0/c6ao4km69a/2ihNQbcANz8RuCOK3hQBmLSJf3bRKVQjVMda+YvizNE8AwvogcPbw=="],

    "vitefu": ["vitefu@1.0.6", "", { "peerDependencies": { "vite": "^3.0.0 || ^4.0.0 || ^5.0.0 || ^6.0.0" }, "optionalPeers": ["vite"] }, "sha512-+Rex1GlappUyNN6UfwbVZne/9cYC4+R2XDk9xkNXBKMw6HQagdX9PgZ8V2v1WUSK1wfBLp7qbI1+XSNIlB1xmA=="],

    "zimmerframe": ["zimmerframe@1.1.2", "", {}, "sha512-rAbqEGa8ovJy4pyBxZM70hg4pE6gDgaQ0Sl9M3enG3I0d6H4XSAM3GeNGLKnsBpuijUow064sf7ww1nutC5/3w=="],
  }
}
